// !$*UTF8*$!
{
	archiveVersion = 1;
	classes = {
	};
	objectVersion = 50;
	objects = {

/* Begin PBXBuildFile section */
		22C6C7C7237B8E2200519419 /* AppDelegate.swift in Sources */ = {isa = PBXBuildFile; fileRef = 22C6C7C6237B8E2200519419 /* AppDelegate.swift */; };
		22C6C7CE237B8E2200519419 /* Main.storyboard in Resources */ = {isa = PBXBuildFile; fileRef = 22C6C7CC237B8E2200519419 /* Main.storyboard */; };
		22C6C7D1237B8E2200519419 /* HotCoffee_MVVM.xcdatamodeld in Sources */ = {isa = PBXBuildFile; fileRef = 22C6C7CF237B8E2200519419 /* HotCoffee_MVVM.xcdatamodeld */; };
		22C6C7D3237B8E2500519419 /* Assets.xcassets in Resources */ = {isa = PBXBuildFile; fileRef = 22C6C7D2237B8E2500519419 /* Assets.xcassets */; };
		22C6C7D6237B8E2500519419 /* LaunchScreen.storyboard in Resources */ = {isa = PBXBuildFile; fileRef = 22C6C7D4237B8E2500519419 /* LaunchScreen.storyboard */; };
		22C6C7DF237B917B00519419 /* OrdersTableViewController.swift in Sources */ = {isa = PBXBuildFile; fileRef = 22C6C7DE237B917B00519419 /* OrdersTableViewController.swift */; };
		22C6C7E1237B91C700519419 /* AddOrderViewController.swift in Sources */ = {isa = PBXBuildFile; fileRef = 22C6C7E0237B91C700519419 /* AddOrderViewController.swift */; };
		22C6C7E5237B990000519419 /* WebService.swift in Sources */ = {isa = PBXBuildFile; fileRef = 22C6C7E4237B990000519419 /* WebService.swift */; };
		22C6C7E8237B9BAD00519419 /* Order.swift in Sources */ = {isa = PBXBuildFile; fileRef = 22C6C7E7237B9BAD00519419 /* Order.swift */; };
		22C6C7EB237BAF8A00519419 /* OrderViewModel.swift in Sources */ = {isa = PBXBuildFile; fileRef = 22C6C7EA237BAF8A00519419 /* OrderViewModel.swift */; };
/* End PBXBuildFile section */

/* Begin PBXFileReference section */
		22C6C7C3237B8E2200519419 /* HotCoffee_MVVM.app */ = {isa = PBXFileReference; explicitFileType = wrapper.application; includeInIndex = 0; path = HotCoffee_MVVM.app; sourceTree = BUILT_PRODUCTS_DIR; };
		22C6C7C6237B8E2200519419 /* AppDelegate.swift */ = {isa = PBXFileReference; lastKnownFileType = sourcecode.swift; path = AppDelegate.swift; sourceTree = "<group>"; };
		22C6C7CD237B8E2200519419 /* Base */ = {isa = PBXFileReference; lastKnownFileType = file.storyboard; name = Base; path = Base.lproj/Main.storyboard; sourceTree = "<group>"; };
		22C6C7D0237B8E2200519419 /* HotCoffee_MVVM.xcdatamodel */ = {isa = PBXFileReference; lastKnownFileType = wrapper.xcdatamodel; path = HotCoffee_MVVM.xcdatamodel; sourceTree = "<group>"; };
		22C6C7D2237B8E2500519419 /* Assets.xcassets */ = {isa = PBXFileReference; lastKnownFileType = folder.assetcatalog; path = Assets.xcassets; sourceTree = "<group>"; };
		22C6C7D5237B8E2500519419 /* Base */ = {isa = PBXFileReference; lastKnownFileType = file.storyboard; name = Base; path = Base.lproj/LaunchScreen.storyboard; sourceTree = "<group>"; };
		22C6C7D7237B8E2500519419 /* Info.plist */ = {isa = PBXFileReference; lastKnownFileType = text.plist.xml; path = Info.plist; sourceTree = "<group>"; };
		22C6C7DE237B917B00519419 /* OrdersTableViewController.swift */ = {isa = PBXFileReference; lastKnownFileType = sourcecode.swift; path = OrdersTableViewController.swift; sourceTree = "<group>"; };
		22C6C7E0237B91C700519419 /* AddOrderViewController.swift */ = {isa = PBXFileReference; lastKnownFileType = sourcecode.swift; path = AddOrderViewController.swift; sourceTree = "<group>"; };
		22C6C7E4237B990000519419 /* WebService.swift */ = {isa = PBXFileReference; lastKnownFileType = sourcecode.swift; path = WebService.swift; sourceTree = "<group>"; };
		22C6C7E7237B9BAD00519419 /* Order.swift */ = {isa = PBXFileReference; lastKnownFileType = sourcecode.swift; path = Order.swift; sourceTree = "<group>"; };
		22C6C7EA237BAF8A00519419 /* OrderViewModel.swift */ = {isa = PBXFileReference; lastKnownFileType = sourcecode.swift; path = OrderViewModel.swift; sourceTree = "<group>"; };
/* End PBXFileReference section */

/* Begin PBXFrameworksBuildPhase section */
		22C6C7C0237B8E2200519419 /* Frameworks */ = {
			isa = PBXFrameworksBuildPhase;
			buildActionMask = 2147483647;
			files = (
			);
			runOnlyForDeploymentPostprocessing = 0;
		};
/* End PBXFrameworksBuildPhase section */

/* Begin PBXGroup section */
		22C6C7BA237B8E2200519419 = {
			isa = PBXGroup;
			children = (
				22C6C7C5237B8E2200519419 /* HotCoffee_MVVM */,
				22C6C7C4237B8E2200519419 /* Products */,
			);
			sourceTree = "<group>";
		};
		22C6C7C4237B8E2200519419 /* Products */ = {
			isa = PBXGroup;
			children = (
				22C6C7C3237B8E2200519419 /* HotCoffee_MVVM.app */,
			);
			name = Products;
			sourceTree = "<group>";
		};
		22C6C7C5237B8E2200519419 /* HotCoffee_MVVM */ = {
			isa = PBXGroup;
			children = (
				22C6C7E9237BAF7300519419 /* ViweModels */,
				22C6C7E6237B9BA000519419 /* Models */,
				22C6C7E3237B98EB00519419 /* Services */,
				22C6C7DD237B8FD000519419 /* Controllers */,
				22C6C7C6237B8E2200519419 /* AppDelegate.swift */,
				22C6C7CC237B8E2200519419 /* Main.storyboard */,
				22C6C7D2237B8E2500519419 /* Assets.xcassets */,
				22C6C7D4237B8E2500519419 /* LaunchScreen.storyboard */,
				22C6C7D7237B8E2500519419 /* Info.plist */,
				22C6C7CF237B8E2200519419 /* HotCoffee_MVVM.xcdatamodeld */,
			);
			path = HotCoffee_MVVM;
			sourceTree = "<group>";
		};
		22C6C7DD237B8FD000519419 /* Controllers */ = {
			isa = PBXGroup;
			children = (
				22C6C7DE237B917B00519419 /* OrdersTableViewController.swift */,
				22C6C7E0237B91C700519419 /* AddOrderViewController.swift */,
			);
			path = Controllers;
			sourceTree = "<group>";
		};
		22C6C7E3237B98EB00519419 /* Services */ = {
			isa = PBXGroup;
			children = (
				22C6C7E4237B990000519419 /* WebService.swift */,
			);
			path = Services;
			sourceTree = "<group>";
		};
		22C6C7E6237B9BA000519419 /* Models */ = {
			isa = PBXGroup;
			children = (
				22C6C7E7237B9BAD00519419 /* Order.swift */,
			);
			path = Models;
			sourceTree = "<group>";
		};
		22C6C7E9237BAF7300519419 /* ViweModels */ = {
			isa = PBXGroup;
			children = (
				22C6C7EA237BAF8A00519419 /* OrderViewModel.swift */,
			);
			path = ViweModels;
			sourceTree = "<group>";
		};
/* End PBXGroup section */

/* Begin PBXNativeTarget section */
		22C6C7C2237B8E2200519419 /* HotCoffee_MVVM */ = {
			isa = PBXNativeTarget;
			buildConfigurationList = 22C6C7DA237B8E2500519419 /* Build configuration list for PBXNativeTarget "HotCoffee_MVVM" */;
			buildPhases = (
				22C6C7BF237B8E2200519419 /* Sources */,
				22C6C7C0237B8E2200519419 /* Frameworks */,
				22C6C7C1237B8E2200519419 /* Resources */,
			);
			buildRules = (
			);
			dependencies = (
			);
			name = HotCoffee_MVVM;
			productName = HotCoffee_MVVM;
			productReference = 22C6C7C3237B8E2200519419 /* HotCoffee_MVVM.app */;
			productType = "com.apple.product-type.application";
		};
/* End PBXNativeTarget section */

/* Begin PBXProject section */
		22C6C7BB237B8E2200519419 /* Project object */ = {
			isa = PBXProject;
			attributes = {
				LastSwiftUpdateCheck = 1100;
				LastUpgradeCheck = 1100;
				ORGANIZATIONNAME = "DONGGUN LEE";
				TargetAttributes = {
					22C6C7C2237B8E2200519419 = {
						CreatedOnToolsVersion = 11.0;
					};
				};
			};
			buildConfigurationList = 22C6C7BE237B8E2200519419 /* Build configuration list for PBXProject "HotCoffee_MVVM" */;
			compatibilityVersion = "Xcode 9.3";
			developmentRegion = en;
			hasScannedForEncodings = 0;
			knownRegions = (
				en,
				Base,
			);
			mainGroup = 22C6C7BA237B8E2200519419;
			productRefGroup = 22C6C7C4237B8E2200519419 /* Products */;
			projectDirPath = "";
			projectRoot = "";
			targets = (
				22C6C7C2237B8E2200519419 /* HotCoffee_MVVM */,
			);
		};
/* End PBXProject section */

/* Begin PBXResourcesBuildPhase section */
		22C6C7C1237B8E2200519419 /* Resources */ = {
			isa = PBXResourcesBuildPhase;
			buildActionMask = 2147483647;
			files = (
				22C6C7D6237B8E2500519419 /* LaunchScreen.storyboard in Resources */,
				22C6C7D3237B8E2500519419 /* Assets.xcassets in Resources */,
				22C6C7CE237B8E2200519419 /* Main.storyboard in Resources */,
			);
			runOnlyForDeploymentPostprocessing = 0;
		};
/* End PBXResourcesBuildPhase section */

/* Begin PBXSourcesBuildPhase section */
		22C6C7BF237B8E2200519419 /* Sources */ = {
			isa = PBXSourcesBuildPhase;
			buildActionMask = 2147483647;
			files = (
				22C6C7E5237B990000519419 /* WebService.swift in Sources */,
				22C6C7DF237B917B00519419 /* OrdersTableViewController.swift in Sources */,
				22C6C7C7237B8E2200519419 /* AppDelegate.swift in Sources */,
				22C6C7E1237B91C700519419 /* AddOrderViewController.swift in Sources */,
				22C6C7D1237B8E2200519419 /* HotCoffee_MVVM.xcdatamodeld in Sources */,
				22C6C7EB237BAF8A00519419 /* OrderViewModel.swift in Sources */,
				22C6C7E8237B9BAD00519419 /* Order.swift in Sources */,
			);
			runOnlyForDeploymentPostprocessing = 0;
		};
/* End PBXSourcesBuildPhase section */

/* Begin PBXVariantGroup section */
		22C6C7CC237B8E2200519419 /* Main.storyboard */ = {
			isa = PBXVariantGroup;
			children = (
				22C6C7CD237B8E2200519419 /* Base */,
			);
			name = Main.storyboard;
			sourceTree = "<group>";
		};
		22C6C7D4237B8E2500519419 /* LaunchScreen.storyboard */ = {
			isa = PBXVariantGroup;
			children = (
				22C6C7D5237B8E2500519419 /* Base */,
			);
			name = LaunchScreen.storyboard;
			sourceTree = "<group>";
		};
/* End PBXVariantGroup section */

/* Begin XCBuildConfiguration section */
		22C6C7D8237B8E2500519419 /* Debug */ = {
			isa = XCBuildConfiguration;
			buildSettings = {
				ALWAYS_SEARCH_USER_PATHS = NO;
				CLANG_ANALYZER_NONNULL = YES;
				CLANG_ANALYZER_NUMBER_OBJECT_CONVERSION = YES_AGGRESSIVE;
				CLANG_CXX_LANGUAGE_STANDARD = "gnu++14";
				CLANG_CXX_LIBRARY = "libc++";
				CLANG_ENABLE_MODULES = YES;
				CLANG_ENABLE_OBJC_ARC = YES;
				CLANG_ENABLE_OBJC_WEAK = YES;
				CLANG_WARN_BLOCK_CAPTURE_AUTORELEASING = YES;
				CLANG_WARN_BOOL_CONVERSION = YES;
				CLANG_WARN_COMMA = YES;
				CLANG_WARN_CONSTANT_CONVERSION = YES;
				CLANG_WARN_DEPRECATED_OBJC_IMPLEMENTATIONS = YES;
				CLANG_WARN_DIRECT_OBJC_ISA_USAGE = YES_ERROR;
				CLANG_WARN_DOCUMENTATION_COMMENTS = YES;
				CLANG_WARN_EMPTY_BODY = YES;
				CLANG_WARN_ENUM_CONVERSION = YES;
				CLANG_WARN_INFINITE_RECURSION = YES;
				CLANG_WARN_INT_CONVERSION = YES;
				CLANG_WARN_NON_LITERAL_NULL_CONVERSION = YES;
				CLANG_WARN_OBJC_IMPLICIT_RETAIN_SELF = YES;
				CLANG_WARN_OBJC_LITERAL_CONVERSION = YES;
				CLANG_WARN_OBJC_ROOT_CLASS = YES_ERROR;
				CLANG_WARN_RANGE_LOOP_ANALYSIS = YES;
				CLANG_WARN_STRICT_PROTOTYPES = YES;
				CLANG_WARN_SUSPICIOUS_MOVE = YES;
				CLANG_WARN_UNGUARDED_AVAILABILITY = YES_AGGRESSIVE;
				CLANG_WARN_UNREACHABLE_CODE = YES;
				CLANG_WARN__DUPLICATE_METHOD_MATCH = YES;
				COPY_PHASE_STRIP = NO;
				DEBUG_INFORMATION_FORMAT = dwarf;
				ENABLE_STRICT_OBJC_MSGSEND = YES;
				ENABLE_TESTABILITY = YES;
				GCC_C_LANGUAGE_STANDARD = gnu11;
				GCC_DYNAMIC_NO_PIC = NO;
				GCC_NO_COMMON_BLOCKS = YES;
				GCC_OPTIMIZATION_LEVEL = 0;
				GCC_PREPROCESSOR_DEFINITIONS = (
					"DEBUG=1",
					"$(inherited)",
				);
				GCC_WARN_64_TO_32_BIT_CONVERSION = YES;
				GCC_WARN_ABOUT_RETURN_TYPE = YES_ERROR;
				GCC_WARN_UNDECLARED_SELECTOR = YES;
				GCC_WARN_UNINITIALIZED_AUTOS = YES_AGGRESSIVE;
				GCC_WARN_UNUSED_FUNCTION = YES;
				GCC_WARN_UNUSED_VARIABLE = YES;
				IPHONEOS_DEPLOYMENT_TARGET = 13.0;
				MTL_ENABLE_DEBUG_INFO = INCLUDE_SOURCE;
				MTL_FAST_MATH = YES;
				ONLY_ACTIVE_ARCH = YES;
				SDKROOT = iphoneos;
				SWIFT_ACTIVE_COMPILATION_CONDITIONS = DEBUG;
				SWIFT_OPTIMIZATION_LEVEL = "-Onone";
			};
			name = Debug;
		};
		22C6C7D9237B8E2500519419 /* Release */ = {
			isa = XCBuildConfiguration;
			buildSettings = {
				ALWAYS_SEARCH_USER_PATHS = NO;
				CLANG_ANALYZER_NONNULL = YES;
				CLANG_ANALYZER_NUMBER_OBJECT_CONVERSION = YES_AGGRESSIVE;
				CLANG_CXX_LANGUAGE_STANDARD = "gnu++14";
				CLANG_CXX_LIBRARY = "libc++";
				CLANG_ENABLE_MODULES = YES;
				CLANG_ENABLE_OBJC_ARC = YES;
				CLANG_ENABLE_OBJC_WEAK = YES;
				CLANG_WARN_BLOCK_CAPTURE_AUTORELEASING = YES;
				CLANG_WARN_BOOL_CONVERSION = YES;
				CLANG_WARN_COMMA = YES;
				CLANG_WARN_CONSTANT_CONVERSION = YES;
				CLANG_WARN_DEPRECATED_OBJC_IMPLEMENTATIONS = YES;
				CLANG_WARN_DIRECT_OBJC_ISA_USAGE = YES_ERROR;
				CLANG_WARN_DOCUMENTATION_COMMENTS = YES;
				CLANG_WARN_EMPTY_BODY = YES;
				CLANG_WARN_ENUM_CONVERSION = YES;
				CLANG_WARN_INFINITE_RECURSION = YES;
				CLANG_WARN_INT_CONVERSION = YES;
				CLANG_WARN_NON_LITERAL_NULL_CONVERSION = YES;
				CLANG_WARN_OBJC_IMPLICIT_RETAIN_SELF = YES;
				CLANG_WARN_OBJC_LITERAL_CONVERSION = YES;
				CLANG_WARN_OBJC_ROOT_CLASS = YES_ERROR;
				CLANG_WARN_RANGE_LOOP_ANALYSIS = YES;
				CLANG_WARN_STRICT_PROTOTYPES = YES;
				CLANG_WARN_SUSPICIOUS_MOVE = YES;
				CLANG_WARN_UNGUARDED_AVAILABILITY = YES_AGGRESSIVE;
				CLANG_WARN_UNREACHABLE_CODE = YES;
				CLANG_WARN__DUPLICATE_METHOD_MATCH = YES;
				COPY_PHASE_STRIP = NO;
				DEBUG_INFORMATION_FORMAT = "dwarf-with-dsym";
				ENABLE_NS_ASSERTIONS = NO;
				ENABLE_STRICT_OBJC_MSGSEND = YES;
				GCC_C_LANGUAGE_STANDARD = gnu11;
				GCC_NO_COMMON_BLOCKS = YES;
				GCC_WARN_64_TO_32_BIT_CONVERSION = YES;
				GCC_WARN_ABOUT_RETURN_TYPE = YES_ERROR;
				GCC_WARN_UNDECLARED_SELECTOR = YES;
				GCC_WARN_UNINITIALIZED_AUTOS = YES_AGGRESSIVE;
				GCC_WARN_UNUSED_FUNCTION = YES;
				GCC_WARN_UNUSED_VARIABLE = YES;
				IPHONEOS_DEPLOYMENT_TARGET = 13.0;
				MTL_ENABLE_DEBUG_INFO = NO;
				MTL_FAST_MATH = YES;
				SDKROOT = iphoneos;
				SWIFT_COMPILATION_MODE = wholemodule;
				SWIFT_OPTIMIZATION_LEVEL = "-O";
				VALIDATE_PRODUCT = YES;
			};
			name = Release;
		};
		22C6C7DB237B8E2500519419 /* Debug */ = {
			isa = XCBuildConfiguration;
			buildSettings = {
				ASSETCATALOG_COMPILER_APPICON_NAME = AppIcon;
				CODE_SIGN_STYLE = Automatic;
				DEVELOPMENT_TEAM = DE97A6B9N7;
				INFOPLIST_FILE = HotCoffee_MVVM/Info.plist;
				IPHONEOS_DEPLOYMENT_TARGET = 12.0;
				LD_RUNPATH_SEARCH_PATHS = (
					"$(inherited)",
					"@executable_path/Frameworks",
				);
				PRODUCT_BUNDLE_IDENTIFIER = "LDG.HotCoffee-MVVM";
				PRODUCT_NAME = "$(TARGET_NAME)";
				SWIFT_VERSION = 5.0;
				TARGETED_DEVICE_FAMILY = 1;
			};
			name = Debug;
		};
		22C6C7DC237B8E2500519419 /* Release */ = {
			isa = XCBuildConfiguration;
			buildSettings = {
				ASSETCATALOG_COMPILER_APPICON_NAME = AppIcon;
				CODE_SIGN_STYLE = Automatic;
				DEVELOPMENT_TEAM = DE97A6B9N7;
				INFOPLIST_FILE = HotCoffee_MVVM/Info.plist;
				IPHONEOS_DEPLOYMENT_TARGET = 12.0;
				LD_RUNPATH_SEARCH_PATHS = (
					"$(inherited)",
					"@executable_path/Frameworks",
				);
				PRODUCT_BUNDLE_IDENTIFIER = "LDG.HotCoffee-MVVM";
				PRODUCT_NAME = "$(TARGET_NAME)";
				SWIFT_VERSION = 5.0;
				TARGETED_DEVICE_FAMILY = 1;
			};
			name = Release;
		};
/* End XCBuildConfiguration section */

/* Begin XCConfigurationList section */
		22C6C7BE237B8E2200519419 /* Build configuration list for PBXProject "HotCoffee_MVVM" */ = {
			isa = XCConfigurationList;
			buildConfigurations = (
				22C6C7D8237B8E2500519419 /* Debug */,
				22C6C7D9237B8E2500519419 /* Release */,
			);
			defaultConfigurationIsVisible = 0;
			defaultConfigurationName = Release;
		};
		22C6C7DA237B8E2500519419 /* Build configuration list for PBXNativeTarget "HotCoffee_MVVM" */ = {
			isa = XCConfigurationList;
			buildConfigurations = (
				22C6C7DB237B8E2500519419 /* Debug */,
				22C6C7DC237B8E2500519419 /* Release */,
			);
			defaultConfigurationIsVisible = 0;
			defaultConfigurationName = Release;
		};
/* End XCConfigurationList section */

/* Begin XCVersionGroup section */
		22C6C7CF237B8E2200519419 /* HotCoffee_MVVM.xcdatamodeld */ = {
			isa = XCVersionGroup;
			children = (
				22C6C7D0237B8E2200519419 /* HotCoffee_MVVM.xcdatamodel */,
			);
			currentVersion = 22C6C7D0237B8E2200519419 /* HotCoffee_MVVM.xcdatamodel */;
			path = HotCoffee_MVVM.xcdatamodeld;
			sourceTree = "<group>";
			versionGroupType = wrapper.xcdatamodel;
		};
/* End XCVersionGroup section */
	};
	rootObject = 22C6C7BB237B8E2200519419 /* Project object */;
}
